// !$*UTF8*$!
{
	archiveVersion = 1;
	classes = {
	};
	objectVersion = 50;
	objects = {

/* Begin PBXBuildFile section */
		2F2026CF23ABC3490057D0AC /* CellMovies.swift in Sources */ = {isa = PBXBuildFile; fileRef = 2F2026CE23ABC3490057D0AC /* CellMovies.swift */; };
		2F2026D123ABC6CC0057D0AC /* MoviesBowserController.swift in Sources */ = {isa = PBXBuildFile; fileRef = 2F2026D023ABC6CC0057D0AC /* MoviesBowserController.swift */; };
		2F58686023A1782B00F66CA5 /* AppDelegate.swift in Sources */ = {isa = PBXBuildFile; fileRef = 2F58685F23A1782B00F66CA5 /* AppDelegate.swift */; };
		2F58686223A1782B00F66CA5 /* SceneDelegate.swift in Sources */ = {isa = PBXBuildFile; fileRef = 2F58686123A1782B00F66CA5 /* SceneDelegate.swift */; };
		2F58686423A1782B00F66CA5 /* MainTabBarController.swift in Sources */ = {isa = PBXBuildFile; fileRef = 2F58686323A1782B00F66CA5 /* MainTabBarController.swift */; };
		2F58686923A1782E00F66CA5 /* Assets.xcassets in Resources */ = {isa = PBXBuildFile; fileRef = 2F58686823A1782E00F66CA5 /* Assets.xcassets */; };
		2F58686C23A1782E00F66CA5 /* LaunchScreen.storyboard in Resources */ = {isa = PBXBuildFile; fileRef = 2F58686A23A1782E00F66CA5 /* LaunchScreen.storyboard */; };
		2F58687423A1798600F66CA5 /* MoviesViewController.swift in Sources */ = {isa = PBXBuildFile; fileRef = 2F58687323A1798600F66CA5 /* MoviesViewController.swift */; };
		2F58687623A179C200F66CA5 /* FavoritesViewController.swift in Sources */ = {isa = PBXBuildFile; fileRef = 2F58687523A179C200F66CA5 /* FavoritesViewController.swift */; };
		2FFA68D523A18791004D90DA /* MenuViewController.swift in Sources */ = {isa = PBXBuildFile; fileRef = 2FFA68D423A18791004D90DA /* MenuViewController.swift */; };
		2FFA68D923A1955F004D90DA /* HeaderMovies.swift in Sources */ = {isa = PBXBuildFile; fileRef = 2FFA68D823A1955F004D90DA /* HeaderMovies.swift */; };
/* End PBXBuildFile section */

/* Begin PBXFileReference section */
		2F2026CE23ABC3490057D0AC /* CellMovies.swift */ = {isa = PBXFileReference; lastKnownFileType = sourcecode.swift; path = CellMovies.swift; sourceTree = "<group>"; };
		2F2026D023ABC6CC0057D0AC /* MoviesBowserController.swift */ = {isa = PBXFileReference; lastKnownFileType = sourcecode.swift; path = MoviesBowserController.swift; sourceTree = "<group>"; };
		2F58685C23A1782B00F66CA5 /* ProgrammaticallyTabNav.app */ = {isa = PBXFileReference; explicitFileType = wrapper.application; includeInIndex = 0; path = ProgrammaticallyTabNav.app; sourceTree = BUILT_PRODUCTS_DIR; };
		2F58685F23A1782B00F66CA5 /* AppDelegate.swift */ = {isa = PBXFileReference; lastKnownFileType = sourcecode.swift; path = AppDelegate.swift; sourceTree = "<group>"; };
		2F58686123A1782B00F66CA5 /* SceneDelegate.swift */ = {isa = PBXFileReference; lastKnownFileType = sourcecode.swift; path = SceneDelegate.swift; sourceTree = "<group>"; };
		2F58686323A1782B00F66CA5 /* MainTabBarController.swift */ = {isa = PBXFileReference; lastKnownFileType = sourcecode.swift; path = MainTabBarController.swift; sourceTree = "<group>"; };
		2F58686823A1782E00F66CA5 /* Assets.xcassets */ = {isa = PBXFileReference; lastKnownFileType = folder.assetcatalog; path = Assets.xcassets; sourceTree = "<group>"; };
		2F58686B23A1782E00F66CA5 /* Base */ = {isa = PBXFileReference; lastKnownFileType = file.storyboard; name = Base; path = Base.lproj/LaunchScreen.storyboard; sourceTree = "<group>"; };
		2F58686D23A1782E00F66CA5 /* Info.plist */ = {isa = PBXFileReference; lastKnownFileType = text.plist.xml; path = Info.plist; sourceTree = "<group>"; };
		2F58687323A1798600F66CA5 /* MoviesViewController.swift */ = {isa = PBXFileReference; lastKnownFileType = sourcecode.swift; path = MoviesViewController.swift; sourceTree = "<group>"; };
		2F58687523A179C200F66CA5 /* FavoritesViewController.swift */ = {isa = PBXFileReference; lastKnownFileType = sourcecode.swift; path = FavoritesViewController.swift; sourceTree = "<group>"; };
		2FFA68D423A18791004D90DA /* MenuViewController.swift */ = {isa = PBXFileReference; lastKnownFileType = sourcecode.swift; path = MenuViewController.swift; sourceTree = "<group>"; };
		2FFA68D823A1955F004D90DA /* HeaderMovies.swift */ = {isa = PBXFileReference; lastKnownFileType = sourcecode.swift; path = HeaderMovies.swift; sourceTree = "<group>"; };
/* End PBXFileReference section */

/* Begin PBXFrameworksBuildPhase section */
		2F58685923A1782B00F66CA5 /* Frameworks */ = {
			isa = PBXFrameworksBuildPhase;
			buildActionMask = 2147483647;
			files = (
			);
			runOnlyForDeploymentPostprocessing = 0;
		};
/* End PBXFrameworksBuildPhase section */

/* Begin PBXGroup section */
		2F58685323A1782B00F66CA5 = {
			isa = PBXGroup;
			children = (
				2F58685E23A1782B00F66CA5 /* ProgrammaticallyTabNav */,
				2F58685D23A1782B00F66CA5 /* Products */,
			);
			sourceTree = "<group>";
		};
		2F58685D23A1782B00F66CA5 /* Products */ = {
			isa = PBXGroup;
			children = (
				2F58685C23A1782B00F66CA5 /* ProgrammaticallyTabNav.app */,
			);
			name = Products;
			sourceTree = "<group>";
		};
		2F58685E23A1782B00F66CA5 /* ProgrammaticallyTabNav */ = {
			isa = PBXGroup;
			children = (
				2FFA68D723A19541004D90DA /* Views */,
				2FFA68D623A19528004D90DA /* Controllers */,
				2F58685F23A1782B00F66CA5 /* AppDelegate.swift */,
				2F58686123A1782B00F66CA5 /* SceneDelegate.swift */,
				2F58686823A1782E00F66CA5 /* Assets.xcassets */,
				2F58686A23A1782E00F66CA5 /* LaunchScreen.storyboard */,
				2F58686D23A1782E00F66CA5 /* Info.plist */,
			);
			path = ProgrammaticallyTabNav;
			sourceTree = "<group>";
		};
		2FFA68D623A19528004D90DA /* Controllers */ = {
			isa = PBXGroup;
			children = (
				2F58686323A1782B00F66CA5 /* MainTabBarController.swift */,
				2F58687323A1798600F66CA5 /* MoviesViewController.swift */,
				2F58687523A179C200F66CA5 /* FavoritesViewController.swift */,
				2FFA68D423A18791004D90DA /* MenuViewController.swift */,
				2F2026D023ABC6CC0057D0AC /* MoviesBowserController.swift */,
			);
			path = Controllers;
			sourceTree = "<group>";
		};
		2FFA68D723A19541004D90DA /* Views */ = {
			isa = PBXGroup;
			children = (
				2FFA68D823A1955F004D90DA /* HeaderMovies.swift */,
				2F2026CE23ABC3490057D0AC /* CellMovies.swift */,
			);
			path = Views;
			sourceTree = "<group>";
		};
/* End PBXGroup section */

/* Begin PBXNativeTarget section */
		2F58685B23A1782B00F66CA5 /* ProgrammaticallyTabNav */ = {
			isa = PBXNativeTarget;
			buildConfigurationList = 2F58687023A1782E00F66CA5 /* Build configuration list for PBXNativeTarget "ProgrammaticallyTabNav" */;
			buildPhases = (
				2F58685823A1782B00F66CA5 /* Sources */,
				2F58685923A1782B00F66CA5 /* Frameworks */,
				2F58685A23A1782B00F66CA5 /* Resources */,
			);
			buildRules = (
			);
			dependencies = (
			);
			name = ProgrammaticallyTabNav;
			productName = ProgrammaticallyTabNav;
			productReference = 2F58685C23A1782B00F66CA5 /* ProgrammaticallyTabNav.app */;
			productType = "com.apple.product-type.application";
		};
/* End PBXNativeTarget section */

/* Begin PBXProject section */
		2F58685423A1782B00F66CA5 /* Project object */ = {
			isa = PBXProject;
			attributes = {
				LastSwiftUpdateCheck = 1110;
				LastUpgradeCheck = 1110;
				ORGANIZATIONNAME = "Camilo Cabana";
				TargetAttributes = {
					2F58685B23A1782B00F66CA5 = {
						CreatedOnToolsVersion = 11.1;
					};
				};
			};
			buildConfigurationList = 2F58685723A1782B00F66CA5 /* Build configuration list for PBXProject "ProgrammaticallyTabNav" */;
			compatibilityVersion = "Xcode 9.3";
			developmentRegion = en;
			hasScannedForEncodings = 0;
			knownRegions = (
				en,
				Base,
			);
			mainGroup = 2F58685323A1782B00F66CA5;
			productRefGroup = 2F58685D23A1782B00F66CA5 /* Products */;
			projectDirPath = "";
			projectRoot = "";
			targets = (
				2F58685B23A1782B00F66CA5 /* ProgrammaticallyTabNav */,
			);
		};
/* End PBXProject section */

/* Begin PBXResourcesBuildPhase section */
		2F58685A23A1782B00F66CA5 /* Resources */ = {
			isa = PBXResourcesBuildPhase;
			buildActionMask = 2147483647;
			files = (
				2F58686C23A1782E00F66CA5 /* LaunchScreen.storyboard in Resources */,
				2F58686923A1782E00F66CA5 /* Assets.xcassets in Resources */,
			);
			runOnlyForDeploymentPostprocessing = 0;
		};
/* End PBXResourcesBuildPhase section */

/* Begin PBXSourcesBuildPhase section */
		2F58685823A1782B00F66CA5 /* Sources */ = {
			isa = PBXSourcesBuildPhase;
			buildActionMask = 2147483647;
			files = (
				2F58686423A1782B00F66CA5 /* MainTabBarController.swift in Sources */,
				2FFA68D923A1955F004D90DA /* HeaderMovies.swift in Sources */,
				2FFA68D523A18791004D90DA /* MenuViewController.swift in Sources */,
				2F58686023A1782B00F66CA5 /* AppDelegate.swift in Sources */,
				2F58686223A1782B00F66CA5 /* SceneDelegate.swift in Sources */,
				2F58687623A179C200F66CA5 /* FavoritesViewController.swift in Sources */,
				2F2026CF23ABC3490057D0AC /* CellMovies.swift in Sources */,
				2F2026D123ABC6CC0057D0AC /* MoviesBowserController.swift in Sources */,
				2F58687423A1798600F66CA5 /* MoviesViewController.swift in Sources */,
			);
			runOnlyForDeploymentPostprocessing = 0;
		};
/* End PBXSourcesBuildPhase section */

/* Begin PBXVariantGroup section */
		2F58686A23A1782E00F66CA5 /* LaunchScreen.storyboard */ = {
			isa = PBXVariantGroup;
			children = (
				2F58686B23A1782E00F66CA5 /* Base */,
			);
			name = LaunchScreen.storyboard;
			sourceTree = "<group>";
		};
/* End PBXVariantGroup section */

/* Begin XCBuildConfiguration section */
		2F58686E23A1782E00F66CA5 /* Debug */ = {
			isa = XCBuildConfiguration;
			buildSettings = {
				ALWAYS_SEARCH_USER_PATHS = NO;
				CLANG_ANALYZER_NONNULL = YES;
				CLANG_ANALYZER_NUMBER_OBJECT_CONVERSION = YES_AGGRESSIVE;
				CLANG_CXX_LANGUAGE_STANDARD = "gnu++14";
				CLANG_CXX_LIBRARY = "libc++";
				CLANG_ENABLE_MODULES = YES;
				CLANG_ENABLE_OBJC_ARC = YES;
				CLANG_ENABLE_OBJC_WEAK = YES;
				CLANG_WARN_BLOCK_CAPTURE_AUTORELEASING = YES;
				CLANG_WARN_BOOL_CONVERSION = YES;
				CLANG_WARN_COMMA = YES;
				CLANG_WARN_CONSTANT_CONVERSION = YES;
				CLANG_WARN_DEPRECATED_OBJC_IMPLEMENTATIONS = YES;
				CLANG_WARN_DIRECT_OBJC_ISA_USAGE = YES_ERROR;
				CLANG_WARN_DOCUMENTATION_COMMENTS = YES;
				CLANG_WARN_EMPTY_BODY = YES;
				CLANG_WARN_ENUM_CONVERSION = YES;
				CLANG_WARN_INFINITE_RECURSION = YES;
				CLANG_WARN_INT_CONVERSION = YES;
				CLANG_WARN_NON_LITERAL_NULL_CONVERSION = YES;
				CLANG_WARN_OBJC_IMPLICIT_RETAIN_SELF = YES;
				CLANG_WARN_OBJC_LITERAL_CONVERSION = YES;
				CLANG_WARN_OBJC_ROOT_CLASS = YES_ERROR;
				CLANG_WARN_RANGE_LOOP_ANALYSIS = YES;
				CLANG_WARN_STRICT_PROTOTYPES = YES;
				CLANG_WARN_SUSPICIOUS_MOVE = YES;
				CLANG_WARN_UNGUARDED_AVAILABILITY = YES_AGGRESSIVE;
				CLANG_WARN_UNREACHABLE_CODE = YES;
				CLANG_WARN__DUPLICATE_METHOD_MATCH = YES;
				COPY_PHASE_STRIP = NO;
				DEBUG_INFORMATION_FORMAT = dwarf;
				ENABLE_STRICT_OBJC_MSGSEND = YES;
				ENABLE_TESTABILITY = YES;
				GCC_C_LANGUAGE_STANDARD = gnu11;
				GCC_DYNAMIC_NO_PIC = NO;
				GCC_NO_COMMON_BLOCKS = YES;
				GCC_OPTIMIZATION_LEVEL = 0;
				GCC_PREPROCESSOR_DEFINITIONS = (
					"DEBUG=1",
					"$(inherited)",
				);
				GCC_WARN_64_TO_32_BIT_CONVERSION = YES;
				GCC_WARN_ABOUT_RETURN_TYPE = YES_ERROR;
				GCC_WARN_UNDECLARED_SELECTOR = YES;
				GCC_WARN_UNINITIALIZED_AUTOS = YES_AGGRESSIVE;
				GCC_WARN_UNUSED_FUNCTION = YES;
				GCC_WARN_UNUSED_VARIABLE = YES;
				IPHONEOS_DEPLOYMENT_TARGET = 13.1;
				MTL_ENABLE_DEBUG_INFO = INCLUDE_SOURCE;
				MTL_FAST_MATH = YES;
				ONLY_ACTIVE_ARCH = YES;
				SDKROOT = iphoneos;
				SWIFT_ACTIVE_COMPILATION_CONDITIONS = DEBUG;
				SWIFT_OPTIMIZATION_LEVEL = "-Onone";
			};
			name = Debug;
		};
		2F58686F23A1782E00F66CA5 /* Release */ = {
			isa = XCBuildConfiguration;
			buildSettings = {
				ALWAYS_SEARCH_USER_PATHS = NO;
				CLANG_ANALYZER_NONNULL = YES;
				CLANG_ANALYZER_NUMBER_OBJECT_CONVERSION = YES_AGGRESSIVE;
				CLANG_CXX_LANGUAGE_STANDARD = "gnu++14";
				CLANG_CXX_LIBRARY = "libc++";
				CLANG_ENABLE_MODULES = YES;
				CLANG_ENABLE_OBJC_ARC = YES;
				CLANG_ENABLE_OBJC_WEAK = YES;
				CLANG_WARN_BLOCK_CAPTURE_AUTORELEASING = YES;
				CLANG_WARN_BOOL_CONVERSION = YES;
				CLANG_WARN_COMMA = YES;
				CLANG_WARN_CONSTANT_CONVERSION = YES;
				CLANG_WARN_DEPRECATED_OBJC_IMPLEMENTATIONS = YES;
				CLANG_WARN_DIRECT_OBJC_ISA_USAGE = YES_ERROR;
				CLANG_WARN_DOCUMENTATION_COMMENTS = YES;
				CLANG_WARN_EMPTY_BODY = YES;
				CLANG_WARN_ENUM_CONVERSION = YES;
				CLANG_WARN_INFINITE_RECURSION = YES;
				CLANG_WARN_INT_CONVERSION = YES;
				CLANG_WARN_NON_LITERAL_NULL_CONVERSION = YES;
				CLANG_WARN_OBJC_IMPLICIT_RETAIN_SELF = YES;
				CLANG_WARN_OBJC_LITERAL_CONVERSION = YES;
				CLANG_WARN_OBJC_ROOT_CLASS = YES_ERROR;
				CLANG_WARN_RANGE_LOOP_ANALYSIS = YES;
				CLANG_WARN_STRICT_PROTOTYPES = YES;
				CLANG_WARN_SUSPICIOUS_MOVE = YES;
				CLANG_WARN_UNGUARDED_AVAILABILITY = YES_AGGRESSIVE;
				CLANG_WARN_UNREACHABLE_CODE = YES;
				CLANG_WARN__DUPLICATE_METHOD_MATCH = YES;
				COPY_PHASE_STRIP = NO;
				DEBUG_INFORMATION_FORMAT = "dwarf-with-dsym";
				ENABLE_NS_ASSERTIONS = NO;
				ENABLE_STRICT_OBJC_MSGSEND = YES;
				GCC_C_LANGUAGE_STANDARD = gnu11;
				GCC_NO_COMMON_BLOCKS = YES;
				GCC_WARN_64_TO_32_BIT_CONVERSION = YES;
				GCC_WARN_ABOUT_RETURN_TYPE = YES_ERROR;
				GCC_WARN_UNDECLARED_SELECTOR = YES;
				GCC_WARN_UNINITIALIZED_AUTOS = YES_AGGRESSIVE;
				GCC_WARN_UNUSED_FUNCTION = YES;
				GCC_WARN_UNUSED_VARIABLE = YES;
				IPHONEOS_DEPLOYMENT_TARGET = 13.1;
				MTL_ENABLE_DEBUG_INFO = NO;
				MTL_FAST_MATH = YES;
				SDKROOT = iphoneos;
				SWIFT_COMPILATION_MODE = wholemodule;
				SWIFT_OPTIMIZATION_LEVEL = "-O";
				VALIDATE_PRODUCT = YES;
			};
			name = Release;
		};
		2F58687123A1782E00F66CA5 /* Debug */ = {
			isa = XCBuildConfiguration;
			buildSettings = {
				ASSETCATALOG_COMPILER_APPICON_NAME = AppIcon;
				CODE_SIGN_STYLE = Automatic;
				DEVELOPMENT_TEAM = WK8JGF9VN3;
				INFOPLIST_FILE = ProgrammaticallyTabNav/Info.plist;
				LD_RUNPATH_SEARCH_PATHS = (
					"$(inherited)",
					"@executable_path/Frameworks",
				);
				PRODUCT_BUNDLE_IDENTIFIER = com.camilocabana.ProgrammaticallyTabNav;
				PRODUCT_NAME = "$(TARGET_NAME)";
				SWIFT_VERSION = 5.0;
				TARGETED_DEVICE_FAMILY = "1,2";
			};
			name = Debug;
		};
		2F58687223A1782E00F66CA5 /* Release */ = {
			isa = XCBuildConfiguration;
			buildSettings = {
				ASSETCATALOG_COMPILER_APPICON_NAME = AppIcon;
				CODE_SIGN_STYLE = Automatic;
				DEVELOPMENT_TEAM = WK8JGF9VN3;
				INFOPLIST_FILE = ProgrammaticallyTabNav/Info.plist;
				LD_RUNPATH_SEARCH_PATHS = (
					"$(inherited)",
					"@executable_path/Frameworks",
				);
				PRODUCT_BUNDLE_IDENTIFIER = com.camilocabana.ProgrammaticallyTabNav;
				PRODUCT_NAME = "$(TARGET_NAME)";
				SWIFT_VERSION = 5.0;
				TARGETED_DEVICE_FAMILY = "1,2";
			};
			name = Release;
		};
/* End XCBuildConfiguration section */

/* Begin XCConfigurationList section */
		2F58685723A1782B00F66CA5 /* Build configuration list for PBXProject "ProgrammaticallyTabNav" */ = {
			isa = XCConfigurationList;
			buildConfigurations = (
				2F58686E23A1782E00F66CA5 /* Debug */,
				2F58686F23A1782E00F66CA5 /* Release */,
			);
			defaultConfigurationIsVisible = 0;
			defaultConfigurationName = Release;
		};
		2F58687023A1782E00F66CA5 /* Build configuration list for PBXNativeTarget "ProgrammaticallyTabNav" */ = {
			isa = XCConfigurationList;
			buildConfigurations = (
				2F58687123A1782E00F66CA5 /* Debug */,
				2F58687223A1782E00F66CA5 /* Release */,
			);
			defaultConfigurationIsVisible = 0;
			defaultConfigurationName = Release;
		};
/* End XCConfigurationList section */
	};
	rootObject = 2F58685423A1782B00F66CA5 /* Project object */;
}
